
Microsoft Visual Studio Solution File, Format Version 12.00
# Visual Studio 15
VisualStudioVersion = 15.0.27130.2010
MinimumVisualStudioVersion = 10.0.40219.1
Project("{FAE04EC0-301F-11D3-BF4B-00C04F79EFBC}") = "WSBD", "WSBD\WSBD.csproj", "{4F97C0CC-0C4A-4F0D-A77D-8FE0D513C709}"
EndProject
Global
	GlobalSection(SolutionConfigurationPlatforms) = preSolution
		Debug|Any CPU = Debug|Any CPU
		Release|Any CPU = Release|Any CPU
	EndGlobalSection
	GlobalSection(ProjectConfigurationPlatforms) = postSolution
		{4F97C0CC-0C4A-4F0D-A77D-8FE0D513C709}.Debug|Any CPU.ActiveCfg = Debug|Any CPU
		{4F97C0CC-0C4A-4F0D-A77D-8FE0D513C709}.Debug|Any CPU.Build.0 = Debug|Any CPU
		{4F97C0CC-0C4A-4F0D-A77D-8FE0D513C709}.Release|Any CPU.ActiveCfg = Release|Any CPU
		{4F97C0CC-0C4A-4F0D-A77D-8FE0D513C709}.Release|Any CPU.Build.0 = Release|Any CPU
	EndGlobalSection
	GlobalSection(SolutionProperties) = preSolution
		HideSolutionNode = FALSE
	EndGlobalSection
	GlobalSection(ExtensibilityGlobals) = postSolution
		SolutionGuid = {041EAAA6-44D7-4FEB-9D81-1D430C9FA437}
	EndGlobalSection
EndGlobal
