
Microsoft Visual Studio Solution File, Format Version 12.00
# Visual Studio 15
VisualStudioVersion = 15.0.28307.779
MinimumVisualStudioVersion = 10.0.40219.1
Project("{FAE04EC0-301F-11D3-BF4B-00C04F79EFBC}") = "SelectorWeb", "SelectorWeb\SelectorWeb.csproj", "{3EC75D9A-7160-4838-84F1-AF1026F64080}"
EndProject
Global
	GlobalSection(SolutionConfigurationPlatforms) = preSolution
		Debug|Any CPU = Debug|Any CPU
		Release|Any CPU = Release|Any CPU
	EndGlobalSection
	GlobalSection(ProjectConfigurationPlatforms) = postSolution
		{3EC75D9A-7160-4838-84F1-AF1026F64080}.Debug|Any CPU.ActiveCfg = Debug|Any CPU
		{3EC75D9A-7160-4838-84F1-AF1026F64080}.Debug|Any CPU.Build.0 = Debug|Any CPU
		{3EC75D9A-7160-4838-84F1-AF1026F64080}.Release|Any CPU.ActiveCfg = Release|Any CPU
		{3EC75D9A-7160-4838-84F1-AF1026F64080}.Release|Any CPU.Build.0 = Release|Any CPU
	EndGlobalSection
	GlobalSection(SolutionProperties) = preSolution
		HideSolutionNode = FALSE
	EndGlobalSection
	GlobalSection(ExtensibilityGlobals) = postSolution
		SolutionGuid = {348E2550-5CC5-4226-8077-A2B5F1895988}
	EndGlobalSection
EndGlobal
